
Microsoft Visual Studio Solution File, Format Version 12.00
# Visual Studio Version 17
VisualStudioVersion = 17.0.31912.275
MinimumVisualStudioVersion = 10.0.40219.1
Project("{FAE04EC0-301F-11D3-BF4B-00C04F79EFBC}") = "Employee", "Employee\Employee.csproj", "{58FCD3C8-5B85-48C0-B898-AE80F7B92130}"
EndProject
Global
	GlobalSection(SolutionConfigurationPlatforms) = preSolution
		Debug|Any CPU = Debug|Any CPU
		Release|Any CPU = Release|Any CPU
	EndGlobalSection
	GlobalSection(ProjectConfigurationPlatforms) = postSolution
		{58FCD3C8-5B85-48C0-B898-AE80F7B92130}.Debug|Any CPU.ActiveCfg = Debug|Any CPU
		{58FCD3C8-5B85-48C0-B898-AE80F7B92130}.Debug|Any CPU.Build.0 = Debug|Any CPU
		{58FCD3C8-5B85-48C0-B898-AE80F7B92130}.Release|Any CPU.ActiveCfg = Release|Any CPU
		{58FCD3C8-5B85-48C0-B898-AE80F7B92130}.Release|Any CPU.Build.0 = Release|Any CPU
	EndGlobalSection
	GlobalSection(SolutionProperties) = preSolution
		HideSolutionNode = FALSE
	EndGlobalSection
	GlobalSection(ExtensibilityGlobals) = postSolution
		SolutionGuid = {10304449-D18A-4659-B678-0D5870D15A6B}
	EndGlobalSection
EndGlobal
